// !$*UTF8*$!
{
	archiveVersion = 1;
	classes = {
	};
	objectVersion = 56;
	objects = {

/* Begin PBXBuildFile section */
		FE6A844E2BE6C48800C4C852 /* AppDelegate.swift in Sources */ = {isa = PBXBuildFile; fileRef = FE6A844D2BE6C48800C4C852 /* AppDelegate.swift */; };
		FE6A84552BE6C48800C4C852 /* Base in Resources */ = {isa = PBXBuildFile; fileRef = FE6A84542BE6C48800C4C852 /* Base */; };
		FE6A84572BE6C48A00C4C852 /* Assets.xcassets in Resources */ = {isa = PBXBuildFile; fileRef = FE6A84562BE6C48A00C4C852 /* Assets.xcassets */; };
		FE6A845A2BE6C48A00C4C852 /* Base in Resources */ = {isa = PBXBuildFile; fileRef = FE6A84592BE6C48A00C4C852 /* Base */; };
		FE6A84622BE6C51D00C4C852 /* MainViewController.swift in Sources */ = {isa = PBXBuildFile; fileRef = FE6A84612BE6C51D00C4C852 /* MainViewController.swift */; };
		FE6A84642BE6C52400C4C852 /* ProductInfoViewController.swift in Sources */ = {isa = PBXBuildFile; fileRef = FE6A84632BE6C52400C4C852 /* ProductInfoViewController.swift */; };
		FE6A84662BE6C52900C4C852 /* HeaderViewController.swift in Sources */ = {isa = PBXBuildFile; fileRef = FE6A84652BE6C52900C4C852 /* HeaderViewController.swift */; };
		FE6A84682BE6C53300C4C852 /* Card.swift in Sources */ = {isa = PBXBuildFile; fileRef = FE6A84672BE6C53300C4C852 /* Card.swift */; };
		FE6A84702BE6C53B00C4C852 /* CollectionCell.swift in Sources */ = {isa = PBXBuildFile; fileRef = FE6A84692BE6C53B00C4C852 /* CollectionCell.swift */; };
		FE6A84712BE6C53B00C4C852 /* CollectionCell.xib in Resources */ = {isa = PBXBuildFile; fileRef = FE6A846A2BE6C53B00C4C852 /* CollectionCell.xib */; };
		FE6A84722BE6C53B00C4C852 /* HeaderCell.swift in Sources */ = {isa = PBXBuildFile; fileRef = FE6A846B2BE6C53B00C4C852 /* HeaderCell.swift */; };
		FE6A84732BE6C53B00C4C852 /* HeaderCell.xib in Resources */ = {isa = PBXBuildFile; fileRef = FE6A846C2BE6C53B00C4C852 /* HeaderCell.xib */; };
		FE6A84742BE6C53B00C4C852 /* NavigationInfoView.swift in Sources */ = {isa = PBXBuildFile; fileRef = FE6A846D2BE6C53B00C4C852 /* NavigationInfoView.swift */; };
		FE6A84752BE6C53B00C4C852 /* NavigationInfoView.xib in Resources */ = {isa = PBXBuildFile; fileRef = FE6A846E2BE6C53B00C4C852 /* NavigationInfoView.xib */; };
		FE6A84772BE6C54200C4C852 /* CustomLayout.swift in Sources */ = {isa = PBXBuildFile; fileRef = FE6A84762BE6C54200C4C852 /* CustomLayout.swift */; };
		FE6A84792BE6C54C00C4C852 /* cards.json in Resources */ = {isa = PBXBuildFile; fileRef = FE6A84782BE6C54C00C4C852 /* cards.json */; };
		FE6A847B2BE6C60700C4C852 /* UIViewController+Storyboard.swift in Sources */ = {isa = PBXBuildFile; fileRef = FE6A847A2BE6C60700C4C852 /* UIViewController+Storyboard.swift */; };
/* End PBXBuildFile section */

/* Begin PBXFileReference section */
		FE6A844A2BE6C48800C4C852 /* AMEX.app */ = {isa = PBXFileReference; explicitFileType = wrapper.application; includeInIndex = 0; path = AMEX.app; sourceTree = BUILT_PRODUCTS_DIR; };
		FE6A844D2BE6C48800C4C852 /* AppDelegate.swift */ = {isa = PBXFileReference; lastKnownFileType = sourcecode.swift; path = AppDelegate.swift; sourceTree = "<group>"; };
		FE6A84542BE6C48800C4C852 /* Base */ = {isa = PBXFileReference; lastKnownFileType = file.storyboard; name = Base; path = Base.lproj/Main.storyboard; sourceTree = "<group>"; };
		FE6A84562BE6C48A00C4C852 /* Assets.xcassets */ = {isa = PBXFileReference; lastKnownFileType = folder.assetcatalog; path = Assets.xcassets; sourceTree = "<group>"; };
		FE6A84592BE6C48A00C4C852 /* Base */ = {isa = PBXFileReference; lastKnownFileType = file.storyboard; name = Base; path = Base.lproj/LaunchScreen.storyboard; sourceTree = "<group>"; };
		FE6A845B2BE6C48A00C4C852 /* Info.plist */ = {isa = PBXFileReference; lastKnownFileType = text.plist.xml; path = Info.plist; sourceTree = "<group>"; };
		FE6A84612BE6C51D00C4C852 /* MainViewController.swift */ = {isa = PBXFileReference; fileEncoding = 4; lastKnownFileType = sourcecode.swift; path = MainViewController.swift; sourceTree = "<group>"; };
		FE6A84632BE6C52400C4C852 /* ProductInfoViewController.swift */ = {isa = PBXFileReference; fileEncoding = 4; lastKnownFileType = sourcecode.swift; path = ProductInfoViewController.swift; sourceTree = "<group>"; };
		FE6A84652BE6C52900C4C852 /* HeaderViewController.swift */ = {isa = PBXFileReference; fileEncoding = 4; lastKnownFileType = sourcecode.swift; path = HeaderViewController.swift; sourceTree = "<group>"; };
		FE6A84672BE6C53300C4C852 /* Card.swift */ = {isa = PBXFileReference; fileEncoding = 4; lastKnownFileType = sourcecode.swift; path = Card.swift; sourceTree = "<group>"; };
		FE6A84692BE6C53B00C4C852 /* CollectionCell.swift */ = {isa = PBXFileReference; fileEncoding = 4; lastKnownFileType = sourcecode.swift; path = CollectionCell.swift; sourceTree = "<group>"; };
		FE6A846A2BE6C53B00C4C852 /* CollectionCell.xib */ = {isa = PBXFileReference; fileEncoding = 4; lastKnownFileType = file.xib; path = CollectionCell.xib; sourceTree = "<group>"; };
		FE6A846B2BE6C53B00C4C852 /* HeaderCell.swift */ = {isa = PBXFileReference; fileEncoding = 4; lastKnownFileType = sourcecode.swift; path = HeaderCell.swift; sourceTree = "<group>"; };
		FE6A846C2BE6C53B00C4C852 /* HeaderCell.xib */ = {isa = PBXFileReference; fileEncoding = 4; lastKnownFileType = file.xib; path = HeaderCell.xib; sourceTree = "<group>"; };
		FE6A846D2BE6C53B00C4C852 /* NavigationInfoView.swift */ = {isa = PBXFileReference; fileEncoding = 4; lastKnownFileType = sourcecode.swift; path = NavigationInfoView.swift; sourceTree = "<group>"; };
		FE6A846E2BE6C53B00C4C852 /* NavigationInfoView.xib */ = {isa = PBXFileReference; fileEncoding = 4; lastKnownFileType = file.xib; path = NavigationInfoView.xib; sourceTree = "<group>"; };
		FE6A84762BE6C54200C4C852 /* CustomLayout.swift */ = {isa = PBXFileReference; fileEncoding = 4; lastKnownFileType = sourcecode.swift; path = CustomLayout.swift; sourceTree = "<group>"; };
		FE6A84782BE6C54C00C4C852 /* cards.json */ = {isa = PBXFileReference; fileEncoding = 4; lastKnownFileType = text.json; path = cards.json; sourceTree = "<group>"; };
		FE6A847A2BE6C60700C4C852 /* UIViewController+Storyboard.swift */ = {isa = PBXFileReference; fileEncoding = 4; lastKnownFileType = sourcecode.swift; path = "UIViewController+Storyboard.swift"; sourceTree = "<group>"; };
/* End PBXFileReference section */

/* Begin PBXFrameworksBuildPhase section */
		FE6A84472BE6C48800C4C852 /* Frameworks */ = {
			isa = PBXFrameworksBuildPhase;
			buildActionMask = 2147483647;
			files = (
			);
			runOnlyForDeploymentPostprocessing = 0;
		};
/* End PBXFrameworksBuildPhase section */

/* Begin PBXGroup section */
		FE6A84412BE6C48800C4C852 = {
			isa = PBXGroup;
			children = (
				FE6A844C2BE6C48800C4C852 /* AMEX */,
				FE6A844B2BE6C48800C4C852 /* Products */,
			);
			sourceTree = "<group>";
		};
		FE6A844B2BE6C48800C4C852 /* Products */ = {
			isa = PBXGroup;
			children = (
				FE6A844A2BE6C48800C4C852 /* AMEX.app */,
			);
			name = Products;
			sourceTree = "<group>";
		};
		FE6A844C2BE6C48800C4C852 /* AMEX */ = {
			isa = PBXGroup;
			children = (
				FE6A847E2BEAB04500C4C852 /* Controllers */,
				FE6A847D2BEAB03B00C4C852 /* Models */,
				FE6A847C2BEAB03000C4C852 /* Extensions */,
				FE6A846F2BE6C53B00C4C852 /* Views */,
				FE6A844D2BE6C48800C4C852 /* AppDelegate.swift */,
				FE6A84532BE6C48800C4C852 /* Main.storyboard */,
				FE6A84762BE6C54200C4C852 /* CustomLayout.swift */,
				FE6A84562BE6C48A00C4C852 /* Assets.xcassets */,
				FE6A84582BE6C48A00C4C852 /* LaunchScreen.storyboard */,
				FE6A845B2BE6C48A00C4C852 /* Info.plist */,
				FE6A84782BE6C54C00C4C852 /* cards.json */,
			);
			path = AMEX;
			sourceTree = "<group>";
		};
		FE6A846F2BE6C53B00C4C852 /* Views */ = {
			isa = PBXGroup;
			children = (
				FE6A84692BE6C53B00C4C852 /* CollectionCell.swift */,
				FE6A846A2BE6C53B00C4C852 /* CollectionCell.xib */,
				FE6A846B2BE6C53B00C4C852 /* HeaderCell.swift */,
				FE6A846C2BE6C53B00C4C852 /* HeaderCell.xib */,
				FE6A846D2BE6C53B00C4C852 /* NavigationInfoView.swift */,
				FE6A846E2BE6C53B00C4C852 /* NavigationInfoView.xib */,
			);
			path = Views;
			sourceTree = "<group>";
		};
		FE6A847C2BEAB03000C4C852 /* Extensions */ = {
			isa = PBXGroup;
			children = (
				FE6A847A2BE6C60700C4C852 /* UIViewController+Storyboard.swift */,
			);
			path = Extensions;
			sourceTree = "<group>";
		};
		FE6A847D2BEAB03B00C4C852 /* Models */ = {
			isa = PBXGroup;
			children = (
				FE6A84672BE6C53300C4C852 /* Card.swift */,
			);
			path = Models;
			sourceTree = "<group>";
		};
		FE6A847E2BEAB04500C4C852 /* Controllers */ = {
			isa = PBXGroup;
			children = (
				FE6A84612BE6C51D00C4C852 /* MainViewController.swift */,
				FE6A84632BE6C52400C4C852 /* ProductInfoViewController.swift */,
				FE6A84652BE6C52900C4C852 /* HeaderViewController.swift */,
			);
			path = Controllers;
			sourceTree = "<group>";
		};
/* End PBXGroup section */

/* Begin PBXNativeTarget section */
		FE6A84492BE6C48800C4C852 /* AMEX */ = {
			isa = PBXNativeTarget;
			buildConfigurationList = FE6A845E2BE6C48A00C4C852 /* Build configuration list for PBXNativeTarget "AMEX" */;
			buildPhases = (
				FE6A84462BE6C48800C4C852 /* Sources */,
				FE6A84472BE6C48800C4C852 /* Frameworks */,
				FE6A84482BE6C48800C4C852 /* Resources */,
			);
			buildRules = (
			);
			dependencies = (
			);
			name = AMEX;
			productName = AMEX;
			productReference = FE6A844A2BE6C48800C4C852 /* AMEX.app */;
			productType = "com.apple.product-type.application";
		};
/* End PBXNativeTarget section */

/* Begin PBXProject section */
		FE6A84422BE6C48800C4C852 /* Project object */ = {
			isa = PBXProject;
			attributes = {
				BuildIndependentTargetsInParallel = 1;
				LastSwiftUpdateCheck = 1530;
				LastUpgradeCheck = 1530;
				TargetAttributes = {
					FE6A84492BE6C48800C4C852 = {
						CreatedOnToolsVersion = 15.3;
					};
				};
			};
			buildConfigurationList = FE6A84452BE6C48800C4C852 /* Build configuration list for PBXProject "AMEX" */;
			compatibilityVersion = "Xcode 14.0";
			developmentRegion = en;
			hasScannedForEncodings = 0;
			knownRegions = (
				en,
				Base,
			);
			mainGroup = FE6A84412BE6C48800C4C852;
			productRefGroup = FE6A844B2BE6C48800C4C852 /* Products */;
			projectDirPath = "";
			projectRoot = "";
			targets = (
				FE6A84492BE6C48800C4C852 /* AMEX */,
			);
		};
/* End PBXProject section */

/* Begin PBXResourcesBuildPhase section */
		FE6A84482BE6C48800C4C852 /* Resources */ = {
			isa = PBXResourcesBuildPhase;
			buildActionMask = 2147483647;
			files = (
				FE6A84732BE6C53B00C4C852 /* HeaderCell.xib in Resources */,
				FE6A84572BE6C48A00C4C852 /* Assets.xcassets in Resources */,
				FE6A845A2BE6C48A00C4C852 /* Base in Resources */,
				FE6A84552BE6C48800C4C852 /* Base in Resources */,
				FE6A84752BE6C53B00C4C852 /* NavigationInfoView.xib in Resources */,
				FE6A84792BE6C54C00C4C852 /* cards.json in Resources */,
				FE6A84712BE6C53B00C4C852 /* CollectionCell.xib in Resources */,
			);
			runOnlyForDeploymentPostprocessing = 0;
		};
/* End PBXResourcesBuildPhase section */

/* Begin PBXSourcesBuildPhase section */
		FE6A84462BE6C48800C4C852 /* Sources */ = {
			isa = PBXSourcesBuildPhase;
			buildActionMask = 2147483647;
			files = (
				FE6A84772BE6C54200C4C852 /* CustomLayout.swift in Sources */,
				FE6A84642BE6C52400C4C852 /* ProductInfoViewController.swift in Sources */,
				FE6A84662BE6C52900C4C852 /* HeaderViewController.swift in Sources */,
				FE6A847B2BE6C60700C4C852 /* UIViewController+Storyboard.swift in Sources */,
				FE6A84742BE6C53B00C4C852 /* NavigationInfoView.swift in Sources */,
				FE6A84682BE6C53300C4C852 /* Card.swift in Sources */,
				FE6A844E2BE6C48800C4C852 /* AppDelegate.swift in Sources */,
				FE6A84622BE6C51D00C4C852 /* MainViewController.swift in Sources */,
				FE6A84702BE6C53B00C4C852 /* CollectionCell.swift in Sources */,
				FE6A84722BE6C53B00C4C852 /* HeaderCell.swift in Sources */,
			);
			runOnlyForDeploymentPostprocessing = 0;
		};
/* End PBXSourcesBuildPhase section */

/* Begin PBXVariantGroup section */
		FE6A84532BE6C48800C4C852 /* Main.storyboard */ = {
			isa = PBXVariantGroup;
			children = (
				FE6A84542BE6C48800C4C852 /* Base */,
			);
			name = Main.storyboard;
			sourceTree = "<group>";
		};
		FE6A84582BE6C48A00C4C852 /* LaunchScreen.storyboard */ = {
			isa = PBXVariantGroup;
			children = (
				FE6A84592BE6C48A00C4C852 /* Base */,
			);
			name = LaunchScreen.storyboard;
			sourceTree = "<group>";
		};
/* End PBXVariantGroup section */

/* Begin XCBuildConfiguration section */
		FE6A845C2BE6C48A00C4C852 /* Debug */ = {
			isa = XCBuildConfiguration;
			buildSettings = {
				ALWAYS_SEARCH_USER_PATHS = NO;
				ASSETCATALOG_COMPILER_GENERATE_SWIFT_ASSET_SYMBOL_EXTENSIONS = YES;
				CLANG_ANALYZER_NONNULL = YES;
				CLANG_ANALYZER_NUMBER_OBJECT_CONVERSION = YES_AGGRESSIVE;
				CLANG_CXX_LANGUAGE_STANDARD = "gnu++20";
				CLANG_ENABLE_MODULES = YES;
				CLANG_ENABLE_OBJC_ARC = YES;
				CLANG_ENABLE_OBJC_WEAK = YES;
				CLANG_WARN_BLOCK_CAPTURE_AUTORELEASING = YES;
				CLANG_WARN_BOOL_CONVERSION = YES;
				CLANG_WARN_COMMA = YES;
				CLANG_WARN_CONSTANT_CONVERSION = YES;
				CLANG_WARN_DEPRECATED_OBJC_IMPLEMENTATIONS = YES;
				CLANG_WARN_DIRECT_OBJC_ISA_USAGE = YES_ERROR;
				CLANG_WARN_DOCUMENTATION_COMMENTS = YES;
				CLANG_WARN_EMPTY_BODY = YES;
				CLANG_WARN_ENUM_CONVERSION = YES;
				CLANG_WARN_INFINITE_RECURSION = YES;
				CLANG_WARN_INT_CONVERSION = YES;
				CLANG_WARN_NON_LITERAL_NULL_CONVERSION = YES;
				CLANG_WARN_OBJC_IMPLICIT_RETAIN_SELF = YES;
				CLANG_WARN_OBJC_LITERAL_CONVERSION = YES;
				CLANG_WARN_OBJC_ROOT_CLASS = YES_ERROR;
				CLANG_WARN_QUOTED_INCLUDE_IN_FRAMEWORK_HEADER = YES;
				CLANG_WARN_RANGE_LOOP_ANALYSIS = YES;
				CLANG_WARN_STRICT_PROTOTYPES = YES;
				CLANG_WARN_SUSPICIOUS_MOVE = YES;
				CLANG_WARN_UNGUARDED_AVAILABILITY = YES_AGGRESSIVE;
				CLANG_WARN_UNREACHABLE_CODE = YES;
				CLANG_WARN__DUPLICATE_METHOD_MATCH = YES;
				COPY_PHASE_STRIP = NO;
				DEBUG_INFORMATION_FORMAT = dwarf;
				ENABLE_STRICT_OBJC_MSGSEND = YES;
				ENABLE_TESTABILITY = YES;
				ENABLE_USER_SCRIPT_SANDBOXING = YES;
				GCC_C_LANGUAGE_STANDARD = gnu17;
				GCC_DYNAMIC_NO_PIC = NO;
				GCC_NO_COMMON_BLOCKS = YES;
				GCC_OPTIMIZATION_LEVEL = 0;
				GCC_PREPROCESSOR_DEFINITIONS = (
					"DEBUG=1",
					"$(inherited)",
				);
				GCC_WARN_64_TO_32_BIT_CONVERSION = YES;
				GCC_WARN_ABOUT_RETURN_TYPE = YES_ERROR;
				GCC_WARN_UNDECLARED_SELECTOR = YES;
				GCC_WARN_UNINITIALIZED_AUTOS = YES_AGGRESSIVE;
				GCC_WARN_UNUSED_FUNCTION = YES;
				GCC_WARN_UNUSED_VARIABLE = YES;
				IPHONEOS_DEPLOYMENT_TARGET = 17.4;
				LOCALIZATION_PREFERS_STRING_CATALOGS = YES;
				MTL_ENABLE_DEBUG_INFO = INCLUDE_SOURCE;
				MTL_FAST_MATH = YES;
				ONLY_ACTIVE_ARCH = YES;
				SDKROOT = iphoneos;
				SWIFT_ACTIVE_COMPILATION_CONDITIONS = "DEBUG $(inherited)";
				SWIFT_OPTIMIZATION_LEVEL = "-Onone";
			};
			name = Debug;
		};
		FE6A845D2BE6C48A00C4C852 /* Release */ = {
			isa = XCBuildConfiguration;
			buildSettings = {
				ALWAYS_SEARCH_USER_PATHS = NO;
				ASSETCATALOG_COMPILER_GENERATE_SWIFT_ASSET_SYMBOL_EXTENSIONS = YES;
				CLANG_ANALYZER_NONNULL = YES;
				CLANG_ANALYZER_NUMBER_OBJECT_CONVERSION = YES_AGGRESSIVE;
				CLANG_CXX_LANGUAGE_STANDARD = "gnu++20";
				CLANG_ENABLE_MODULES = YES;
				CLANG_ENABLE_OBJC_ARC = YES;
				CLANG_ENABLE_OBJC_WEAK = YES;
				CLANG_WARN_BLOCK_CAPTURE_AUTORELEASING = YES;
				CLANG_WARN_BOOL_CONVERSION = YES;
				CLANG_WARN_COMMA = YES;
				CLANG_WARN_CONSTANT_CONVERSION = YES;
				CLANG_WARN_DEPRECATED_OBJC_IMPLEMENTATIONS = YES;
				CLANG_WARN_DIRECT_OBJC_ISA_USAGE = YES_ERROR;
				CLANG_WARN_DOCUMENTATION_COMMENTS = YES;
				CLANG_WARN_EMPTY_BODY = YES;
				CLANG_WARN_ENUM_CONVERSION = YES;
				CLANG_WARN_INFINITE_RECURSION = YES;
				CLANG_WARN_INT_CONVERSION = YES;
				CLANG_WARN_NON_LITERAL_NULL_CONVERSION = YES;
				CLANG_WARN_OBJC_IMPLICIT_RETAIN_SELF = YES;
				CLANG_WARN_OBJC_LITERAL_CONVERSION = YES;
				CLANG_WARN_OBJC_ROOT_CLASS = YES_ERROR;
				CLANG_WARN_QUOTED_INCLUDE_IN_FRAMEWORK_HEADER = YES;
				CLANG_WARN_RANGE_LOOP_ANALYSIS = YES;
				CLANG_WARN_STRICT_PROTOTYPES = YES;
				CLANG_WARN_SUSPICIOUS_MOVE = YES;
				CLANG_WARN_UNGUARDED_AVAILABILITY = YES_AGGRESSIVE;
				CLANG_WARN_UNREACHABLE_CODE = YES;
				CLANG_WARN__DUPLICATE_METHOD_MATCH = YES;
				COPY_PHASE_STRIP = NO;
				DEBUG_INFORMATION_FORMAT = "dwarf-with-dsym";
				ENABLE_NS_ASSERTIONS = NO;
				ENABLE_STRICT_OBJC_MSGSEND = YES;
				ENABLE_USER_SCRIPT_SANDBOXING = YES;
				GCC_C_LANGUAGE_STANDARD = gnu17;
				GCC_NO_COMMON_BLOCKS = YES;
				GCC_WARN_64_TO_32_BIT_CONVERSION = YES;
				GCC_WARN_ABOUT_RETURN_TYPE = YES_ERROR;
				GCC_WARN_UNDECLARED_SELECTOR = YES;
				GCC_WARN_UNINITIALIZED_AUTOS = YES_AGGRESSIVE;
				GCC_WARN_UNUSED_FUNCTION = YES;
				GCC_WARN_UNUSED_VARIABLE = YES;
				IPHONEOS_DEPLOYMENT_TARGET = 17.4;
				LOCALIZATION_PREFERS_STRING_CATALOGS = YES;
				MTL_ENABLE_DEBUG_INFO = NO;
				MTL_FAST_MATH = YES;
				SDKROOT = iphoneos;
				SWIFT_COMPILATION_MODE = wholemodule;
				VALIDATE_PRODUCT = YES;
			};
			name = Release;
		};
		FE6A845F2BE6C48A00C4C852 /* Debug */ = {
			isa = XCBuildConfiguration;
			buildSettings = {
				ASSETCATALOG_COMPILER_APPICON_NAME = AppIcon;
				ASSETCATALOG_COMPILER_GLOBAL_ACCENT_COLOR_NAME = AccentColor;
				CODE_SIGN_STYLE = Automatic;
				CURRENT_PROJECT_VERSION = 1;
				DEVELOPMENT_TEAM = YY3Z627ACC;
				GENERATE_INFOPLIST_FILE = YES;
				INFOPLIST_FILE = AMEX/Info.plist;
				INFOPLIST_KEY_UIApplicationSupportsIndirectInputEvents = YES;
				INFOPLIST_KEY_UILaunchStoryboardName = LaunchScreen;
				INFOPLIST_KEY_UIMainStoryboardFile = Main;
				INFOPLIST_KEY_UISupportedInterfaceOrientations_iPad = "UIInterfaceOrientationPortrait UIInterfaceOrientationPortraitUpsideDown UIInterfaceOrientationLandscapeLeft UIInterfaceOrientationLandscapeRight";
				INFOPLIST_KEY_UISupportedInterfaceOrientations_iPhone = "UIInterfaceOrientationPortrait UIInterfaceOrientationLandscapeLeft UIInterfaceOrientationLandscapeRight";
				IPHONEOS_DEPLOYMENT_TARGET = 17.0;
				LD_RUNPATH_SEARCH_PATHS = (
					"$(inherited)",
					"@executable_path/Frameworks",
				);
				MARKETING_VERSION = 1.0;
				PRODUCT_BUNDLE_IDENTIFIER = com.davidgrigoryan.team.AMEX;
				PRODUCT_NAME = "$(TARGET_NAME)";
				SWIFT_EMIT_LOC_STRINGS = YES;
				SWIFT_VERSION = 5.0;
				TARGETED_DEVICE_FAMILY = "1,2";
			};
			name = Debug;
		};
		FE6A84602BE6C48A00C4C852 /* Release */ = {
			isa = XCBuildConfiguration;
			buildSettings = {
				ASSETCATALOG_COMPILER_APPICON_NAME = AppIcon;
				ASSETCATALOG_COMPILER_GLOBAL_ACCENT_COLOR_NAME = AccentColor;
				CODE_SIGN_STYLE = Automatic;
				CURRENT_PROJECT_VERSION = 1;
				DEVELOPMENT_TEAM = YY3Z627ACC;
				GENERATE_INFOPLIST_FILE = YES;
				INFOPLIST_FILE = AMEX/Info.plist;
				INFOPLIST_KEY_UIApplicationSupportsIndirectInputEvents = YES;
				INFOPLIST_KEY_UILaunchStoryboardName = LaunchScreen;
				INFOPLIST_KEY_UIMainStoryboardFile = Main;
				INFOPLIST_KEY_UISupportedInterfaceOrientations_iPad = "UIInterfaceOrientationPortrait UIInterfaceOrientationPortraitUpsideDown UIInterfaceOrientationLandscapeLeft UIInterfaceOrientationLandscapeRight";
				INFOPLIST_KEY_UISupportedInterfaceOrientations_iPhone = "UIInterfaceOrientationPortrait UIInterfaceOrientationLandscapeLeft UIInterfaceOrientationLandscapeRight";
				IPHONEOS_DEPLOYMENT_TARGET = 17.0;
				LD_RUNPATH_SEARCH_PATHS = (
					"$(inherited)",
					"@executable_path/Frameworks",
				);
				MARKETING_VERSION = 1.0;
				PRODUCT_BUNDLE_IDENTIFIER = com.davidgrigoryan.team.AMEX;
				PRODUCT_NAME = "$(TARGET_NAME)";
				SWIFT_EMIT_LOC_STRINGS = YES;
				SWIFT_VERSION = 5.0;
				TARGETED_DEVICE_FAMILY = "1,2";
			};
			name = Release;
		};
/* End XCBuildConfiguration section */

/* Begin XCConfigurationList section */
		FE6A84452BE6C48800C4C852 /* Build configuration list for PBXProject "AMEX" */ = {
			isa = XCConfigurationList;
			buildConfigurations = (
				FE6A845C2BE6C48A00C4C852 /* Debug */,
				FE6A845D2BE6C48A00C4C852 /* Release */,
			);
			defaultConfigurationIsVisible = 0;
			defaultConfigurationName = Release;
		};
		FE6A845E2BE6C48A00C4C852 /* Build configuration list for PBXNativeTarget "AMEX" */ = {
			isa = XCConfigurationList;
			buildConfigurations = (
				FE6A845F2BE6C48A00C4C852 /* Debug */,
				FE6A84602BE6C48A00C4C852 /* Release */,
			);
			defaultConfigurationIsVisible = 0;
			defaultConfigurationName = Release;
		};
/* End XCConfigurationList section */
	};
	rootObject = FE6A84422BE6C48800C4C852 /* Project object */;
}
